<?xml version="1.0" encoding="utf-8"?>
<Project ToolsVersion="4.0" xmlns="http://schemas.microsoft.com/developer/msbuild/2003">
  <ItemGroup>
    <Filter Include="소스 파일">
      <UniqueIdentifier>{4FC737F1-C7A5-4376-A066-2A32D752A2FF}</UniqueIdentifier>
      <Extensions>cpp;c;cc;cxx;def;odl;idl;hpj;bat;asm;asmx</Extensions>
    </Filter>
    <Filter Include="헤더 파일">
      <UniqueIdentifier>{93995380-89BD-4b04-88EB-625FBE52EBFB}</UniqueIdentifier>
      <Extensions>h;hh;hpp;hxx;hm;inl;inc;xsd</Extensions>
    </Filter>
    <Filter Include="리소스 파일">
      <UniqueIdentifier>{67DA6AB6-F800-4c08-8B7A-83BB121AAD01}</UniqueIdentifier>
      <Extensions>rc;ico;cur;bmp;dlg;rc2;rct;bin;rgs;gif;jpg;jpeg;jpe;resx;tiff;tif;png;wav;mfcribbon-ms</Extensions>
    </Filter>
    <Filter Include="Class">
      <UniqueIdentifier>{08ba27d6-04b6-4a83-8548-cf96165b36da}</UniqueIdentifier>
    </Filter>
    <Filter Include="Interface">
      <UniqueIdentifier>{9a881338-48a7-43d4-8689-565ddaa22706}</UniqueIdentifier>
    </Filter>
    <Filter Include="엄윤호">
      <UniqueIdentifier>{f338546e-50a9-4382-97a5-9ddfdcc0d7cb}</UniqueIdentifier>
    </Filter>
    <Filter Include="김완수">
      <UniqueIdentifier>{431bd652-6966-47f6-b9fc-b806f539a06e}</UniqueIdentifier>
    </Filter>
    <Filter Include="차종서">
      <UniqueIdentifier>{9e0e1655-6a43-4f70-9492-25834f422057}</UniqueIdentifier>
    </Filter>
    <Filter Include="정현식">
      <UniqueIdentifier>{2214ae74-ca53-4168-9888-62cb17295cbe}</UniqueIdentifier>
    </Filter>
    <Filter Include="Global">
      <UniqueIdentifier>{a3a73bc3-d4a2-478f-a4df-826fa7df1185}</UniqueIdentifier>
    </Filter>
    <Filter Include="Global\Util">
      <UniqueIdentifier>{cbf41582-d496-4b2c-a3ee-f85c32d853a6}</UniqueIdentifier>
    </Filter>
    <Filter Include="Global\Manager">
      <UniqueIdentifier>{7eaeb726-f46a-4e91-9c28-e1e7489ba71a}</UniqueIdentifier>
    </Filter>
    <Filter Include="Global\Manager\D3D">
      <UniqueIdentifier>{1f3e0ae5-a212-4ade-b009-1a8dbf198952}</UniqueIdentifier>
    </Filter>
    <Filter Include="cMainGame">
      <UniqueIdentifier>{641b5ae9-9b25-47a5-ba8b-4a67f6340c52}</UniqueIdentifier>
    </Filter>
    <Filter Include="Foundation">
      <UniqueIdentifier>{8da42663-6884-4ecf-87f0-e4d4ffe7e0a4}</UniqueIdentifier>
    </Filter>
    <Filter Include="Foundation\Parser">
      <UniqueIdentifier>{173af092-bf9f-4bc2-bb52-f1c4c083208c}</UniqueIdentifier>
    </Filter>
    <Filter Include="Foundation\Parser\ASELoader">
      <UniqueIdentifier>{ec42ffbd-689f-4d31-ae02-2c26f36c2447}</UniqueIdentifier>
    </Filter>
    <Filter Include="Foundation\Parser\ObjLoader">
      <UniqueIdentifier>{25f2c264-14ed-41b5-af1f-c10f021d4d3f}</UniqueIdentifier>
    </Filter>
    <Filter Include="Foundation\D3D">
      <UniqueIdentifier>{531f3837-4cb3-4614-a53c-f75f2f9299c1}</UniqueIdentifier>
    </Filter>
    <Filter Include="Foundation\Physics">
      <UniqueIdentifier>{3c14686d-cc8b-4bfd-975a-9b4936ff381d}</UniqueIdentifier>
    </Filter>
    <Filter Include="Foundation\cCamera">
      <UniqueIdentifier>{a5d02c7d-b5ef-41db-a124-f50b4029fe48}</UniqueIdentifier>
    </Filter>
    <Filter Include="Foundation\cGrid">
      <UniqueIdentifier>{e228d8a9-61f3-43eb-92a7-a34293fd2a57}</UniqueIdentifier>
    </Filter>
    <Filter Include="Foundation\cRay">
      <UniqueIdentifier>{918b86de-70d7-49d5-99f5-b278f0b3ee99}</UniqueIdentifier>
    </Filter>
    <Filter Include="Foundation\cGameUI">
      <UniqueIdentifier>{7f07d84d-cb4a-45e5-b31f-1fda312b77a4}</UniqueIdentifier>
    </Filter>
    <Filter Include="Foundation\cAction">
      <UniqueIdentifier>{46066fd0-8e9d-45d6-a504-18f60a498623}</UniqueIdentifier>
    </Filter>
    <Filter Include="Foundation\cGameObject">
      <UniqueIdentifier>{a593abd3-e16c-4881-af52-340f3b535367}</UniqueIdentifier>
    </Filter>
    <Filter Include="Class\Scene">
      <UniqueIdentifier>{d1b26777-324c-441e-ad3f-28a8e95cecaf}</UniqueIdentifier>
    </Filter>
    <Filter Include="김완수\UI">
      <UniqueIdentifier>{6d2df45c-099f-49bf-a77c-f33787064d89}</UniqueIdentifier>
    </Filter>
    <Filter Include="Foundation\Parser\XFileLoader">
      <UniqueIdentifier>{931b52f0-32d2-4c78-925c-fa7afbde7a99}</UniqueIdentifier>
    </Filter>
    <Filter Include="SampleCode">
      <UniqueIdentifier>{5036948f-0cd8-4af3-a721-df4c3562096f}</UniqueIdentifier>
    </Filter>
    <Filter Include="Foundation\D3D\cTimer">
      <UniqueIdentifier>{c1d7c14d-0f2e-41b4-a3cf-bcff23c2826f}</UniqueIdentifier>
    </Filter>
    <Filter Include="김완수\MapTool">
      <UniqueIdentifier>{65bbc7f0-8e7a-4c58-b523-03636f24b4a4}</UniqueIdentifier>
    </Filter>
    <Filter Include="김완수\Trap">
      <UniqueIdentifier>{92dc699f-f39c-4351-8644-21aafe980161}</UniqueIdentifier>
    </Filter>
    <Filter Include="김완수\UI\InGame">
      <UniqueIdentifier>{56d6c34b-cac0-4a41-8d97-dbb3e2bead32}</UniqueIdentifier>
    </Filter>
    <Filter Include="김완수\Physics">
      <UniqueIdentifier>{4963c78a-16e6-4e81-a142-f945186f0294}</UniqueIdentifier>
    </Filter>
    <Filter Include="Foundation\D3D\Particle">
      <UniqueIdentifier>{7a90039a-0600-42d4-b1bb-f5f479a4ea98}</UniqueIdentifier>
    </Filter>
    <Filter Include="엄윤호\Trap">
      <UniqueIdentifier>{945c4f2a-505c-43e1-8520-5bd76e7f0d0f}</UniqueIdentifier>
    </Filter>
    <Filter Include="엄윤호\Trap\Specific">
      <UniqueIdentifier>{ae616338-db27-4000-b853-0c1b37479d78}</UniqueIdentifier>
    </Filter>
    <Filter Include="엄윤호\Graph">
      <UniqueIdentifier>{5556ef56-cd51-437c-81f2-489e4e677432}</UniqueIdentifier>
    </Filter>
  </ItemGroup>
  <ItemGroup>
    <Text Include="ReadMe.txt" />
    <Text Include="Notice_WansuKim.txt" />
  </ItemGroup>
  <ItemGroup>
    <ClInclude Include="stdafx.h">
      <Filter>헤더 파일</Filter>
    </ClInclude>
    <ClInclude Include="targetver.h">
      <Filter>헤더 파일</Filter>
    </ClInclude>
    <ClInclude Include="Resource.h">
      <Filter>헤더 파일</Filter>
    </ClInclude>
    <ClInclude Include="D3D_base.h">
      <Filter>헤더 파일</Filter>
    </ClInclude>
    <ClInclude Include="cObjLoader.h">
      <Filter>Foundation\Parser\ObjLoader</Filter>
    </ClInclude>
    <ClInclude Include="cMtlTex.h">
      <Filter>Foundation\Parser\ObjLoader</Filter>
    </ClInclude>
    <ClInclude Include="cGroup.h">
      <Filter>Foundation\Parser\ObjLoader</Filter>
    </ClInclude>
    <ClInclude Include="cObjMap.h">
      <Filter>Foundation\Parser\ObjLoader</Filter>
    </ClInclude>
    <ClInclude Include="Asciitok.h">
      <Filter>Foundation\Parser\ASELoader</Filter>
    </ClInclude>
    <ClInclude Include="cAseLoader.h">
      <Filter>Foundation\Parser\ASELoader</Filter>
    </ClInclude>
    <ClInclude Include="cAseNode.h">
      <Filter>Foundation\Parser\ASELoader</Filter>
    </ClInclude>
    <ClInclude Include="cAction.h">
      <Filter>Foundation\cAction</Filter>
    </ClInclude>
    <ClInclude Include="cActionBezier.h">
      <Filter>Foundation\cAction</Filter>
    </ClInclude>
    <ClInclude Include="cActionLinear.h">
      <Filter>Foundation\cAction</Filter>
    </ClInclude>
    <ClInclude Include="cActionRepeat.h">
      <Filter>Foundation\cAction</Filter>
    </ClInclude>
    <ClInclude Include="cActionSeq.h">
      <Filter>Foundation\cAction</Filter>
    </ClInclude>
    <ClInclude Include="cCamera.h">
      <Filter>Foundation\cCamera</Filter>
    </ClInclude>
    <ClInclude Include="cGrid.h">
      <Filter>Foundation\cGrid</Filter>
    </ClInclude>
    <ClInclude Include="cTimer_GetTickCount.h">
      <Filter>Foundation\D3D\cTimer</Filter>
    </ClInclude>
    <ClInclude Include="cTimer_QueryPerformanceFrequency.h">
      <Filter>Foundation\D3D\cTimer</Filter>
    </ClInclude>
    <ClInclude Include="cTestScene.h">
      <Filter>SampleCode</Filter>
    </ClInclude>
    <ClInclude Include="additionalUtils.h">
      <Filter>Global\Util</Filter>
    </ClInclude>
    <ClInclude Include="utils.h">
      <Filter>Global\Util</Filter>
    </ClInclude>
    <ClInclude Include="commonMacroFunction.h">
      <Filter>Global\Util</Filter>
    </ClInclude>
    <ClInclude Include="OBJC_UTIL.h">
      <Filter>Global\Util</Filter>
    </ClInclude>
    <ClInclude Include="cGameUIButton.h">
      <Filter>Foundation\cGameUI</Filter>
    </ClInclude>
    <ClInclude Include="GameUIEnumList.h">
      <Filter>Foundation\cGameUI</Filter>
    </ClInclude>
    <ClInclude Include="D3DX_UTIL.h">
      <Filter>Global\Util</Filter>
    </ClInclude>
    <ClInclude Include="cTextureManager.h">
      <Filter>Global\Manager\D3D</Filter>
    </ClInclude>
    <ClInclude Include="cSceneManager.h">
      <Filter>Global\Manager</Filter>
    </ClInclude>
    <ClInclude Include="cKeyManager.h">
      <Filter>Global\Manager</Filter>
    </ClInclude>
    <ClInclude Include="cTimeManager.h">
      <Filter>Global\Manager</Filter>
    </ClInclude>
    <ClInclude Include="cSoundManager.h">
      <Filter>Global\Manager</Filter>
    </ClInclude>
    <ClInclude Include="cGameSprite.h">
      <Filter>Foundation\D3D</Filter>
    </ClInclude>
    <ClInclude Include="iTimer.h">
      <Filter>Foundation\D3D\cTimer</Filter>
    </ClInclude>
    <ClInclude Include="PhysicsTagDefine.h">
      <Filter>Foundation\Physics</Filter>
    </ClInclude>
    <ClInclude Include="cPhysicsNode.h">
      <Filter>Foundation\Physics</Filter>
    </ClInclude>
    <ClInclude Include="enPhysicsBody.h">
      <Filter>Foundation\Physics</Filter>
    </ClInclude>
    <ClInclude Include="cPhysicsBody.h">
      <Filter>Foundation\Physics</Filter>
    </ClInclude>
    <ClInclude Include="cGameScene.h">
      <Filter>Foundation\cGameObject</Filter>
    </ClInclude>
    <ClInclude Include="cTransformData.h">
      <Filter>Foundation\cGameObject</Filter>
    </ClInclude>
    <ClInclude Include="cGameNode.h">
      <Filter>Foundation\cGameObject</Filter>
    </ClInclude>
    <ClInclude Include="cRay.h">
      <Filter>Foundation\cRay</Filter>
    </ClInclude>
    <ClInclude Include="cObject.h">
      <Filter>Foundation\cGameObject</Filter>
    </ClInclude>
    <ClInclude Include="cFontManager.h">
      <Filter>Global\Manager\D3D</Filter>
    </ClInclude>
    <ClInclude Include="cDeviceManager.h">
      <Filter>Global\Manager\D3D</Filter>
    </ClInclude>
    <ClInclude Include="cGameUILayer.h">
      <Filter>Foundation\cGameUI</Filter>
    </ClInclude>
    <ClInclude Include="cInGameScene.h">
      <Filter>Class\Scene</Filter>
    </ClInclude>
    <ClInclude Include="cMainGame.h">
      <Filter>cMainGame</Filter>
    </ClInclude>
    <ClInclude Include="iGameUIDelegate.h">
      <Filter>Foundation\cGameUI</Filter>
    </ClInclude>
    <ClInclude Include="cAllocateHierarchy.h">
      <Filter>Foundation\Parser\XFileLoader</Filter>
    </ClInclude>
    <ClInclude Include="cSkinnedMesh.h">
      <Filter>Foundation\Parser\XFileLoader</Filter>
    </ClInclude>
    <ClInclude Include="cGameUILabel.h">
      <Filter>Foundation\cGameUI</Filter>
    </ClInclude>
    <ClInclude Include="cGameText.h">
      <Filter>Foundation\D3D</Filter>
    </ClInclude>
    <ClInclude Include="cGameUISprite.h">
      <Filter>Foundation\cGameUI</Filter>
    </ClInclude>
    <ClInclude Include="cTrap.h">
      <Filter>김완수\Trap</Filter>
    </ClInclude>
    <ClInclude Include="cMapToolScene.h">
      <Filter>김완수\MapTool</Filter>
    </ClInclude>
    <ClInclude Include="cInGameUIGauge.h">
      <Filter>김완수\UI\InGame</Filter>
    </ClInclude>
    <ClInclude Include="cInGameUILayer.h">
      <Filter>김완수\UI\InGame</Filter>
    </ClInclude>
    <ClInclude Include="cInGameUIScore.h">
      <Filter>김완수\UI\InGame</Filter>
    </ClInclude>
    <ClInclude Include="cMapData.h">
      <Filter>김완수\MapTool</Filter>
    </ClInclude>
    <ClInclude Include="cMapToolUILayer.h">
      <Filter>김완수\MapTool</Filter>
    </ClInclude>
    <ClInclude Include="cHeightMap.h">
      <Filter>김완수\MapTool</Filter>
    </ClInclude>
    <ClInclude Include="cMapToolCamera.h">
      <Filter>김완수\MapTool</Filter>
    </ClInclude>
    <ClInclude Include="cMapMaker.h">
      <Filter>김완수\MapTool</Filter>
    </ClInclude>
    <ClInclude Include="cPhysicsTestScene.h">
      <Filter>Class\Scene</Filter>
    </ClInclude>
    <ClInclude Include="cPhysicsSpace.h">
      <Filter>김완수\Physics</Filter>
    </ClInclude>
    <ClInclude Include="iMap.h">
      <Filter>Interface</Filter>
    </ClInclude>
    <ClInclude Include="iGameMap.h">
      <Filter>Interface</Filter>
    </ClInclude>
    <ClInclude Include="cParticleTestScene.h">
      <Filter>SampleCode</Filter>
    </ClInclude>
    <ClInclude Include="cParticleManager.h">
      <Filter>Global\Manager\D3D</Filter>
    </ClInclude>
    <ClInclude Include="cGameParticleEnumList.h">
      <Filter>Foundation\D3D\Particle</Filter>
    </ClInclude>
    <ClInclude Include="cGameParticle.h">
      <Filter>Foundation\D3D\Particle</Filter>
    </ClInclude>
    <ClInclude Include="cGameParticleSnow.h">
      <Filter>Foundation\D3D\Particle</Filter>
    </ClInclude>
    <ClInclude Include="cGameParticleFirework.h">
      <Filter>Foundation\D3D\Particle</Filter>
    </ClInclude>
    <ClInclude Include="cMapToolGrid.h">
      <Filter>김완수\MapTool</Filter>
    </ClInclude>
    <ClInclude Include="cPlayerCamera.h">
      <Filter>차종서</Filter>
    </ClInclude>
    <ClInclude Include="cPlayer.h">
      <Filter>차종서</Filter>
    </ClInclude>
    <ClInclude Include="MapDataEnumList.h">
      <Filter>김완수\MapTool</Filter>
    </ClInclude>
    <ClInclude Include="cAllocateHierarchyEX.h">
      <Filter>정현식</Filter>
    </ClInclude>
    <ClInclude Include="cSkinnedMeshEX.h">
      <Filter>정현식</Filter>
    </ClInclude>
    <ClInclude Include="cChaNode.h">
      <Filter>정현식</Filter>
    </ClInclude>
    <ClInclude Include="cEnemy.h">
      <Filter>정현식</Filter>
    </ClInclude>
    <ClInclude Include="cGameParticleSpark.h">
      <Filter>Foundation\D3D\Particle</Filter>
    </ClInclude>
    <ClInclude Include="cGameParticleShockwave.h">
      <Filter>Foundation\D3D\Particle</Filter>
    </ClInclude>
    <ClInclude Include="TrapTypeSpike.h">
      <Filter>엄윤호\Trap\Specific</Filter>
    </ClInclude>
    <ClInclude Include="TrapTypeHealingWell.h">
      <Filter>엄윤호\Trap\Specific</Filter>
    </ClInclude>
    <ClInclude Include="TrapTypeBarricade.h">
      <Filter>엄윤호\Trap\Specific</Filter>
    </ClInclude>
    <ClInclude Include="QuickSlot.h">
      <Filter>엄윤호</Filter>
    </ClInclude>
    <ClInclude Include="Trap.h">
      <Filter>엄윤호\Trap</Filter>
    </ClInclude>
    <ClInclude Include="TrapComponent.h">
      <Filter>엄윤호\Trap</Filter>
    </ClInclude>
    <ClInclude Include="TrapTestScene.h">
      <Filter>엄윤호\Trap</Filter>
    </ClInclude>
    <ClInclude Include="TrapType.h">
      <Filter>엄윤호\Trap</Filter>
    </ClInclude>
    <ClInclude Include="TrapTypeComponent.h">
      <Filter>엄윤호\Trap</Filter>
    </ClInclude>
    <ClInclude Include="TrapTypeManager.h">
      <Filter>엄윤호\Trap</Filter>
    </ClInclude>
    <ClInclude Include="nCommon.h">
      <Filter>엄윤호</Filter>
    </ClInclude>
    <ClInclude Include="Graph.h">
      <Filter>엄윤호\Graph</Filter>
    </ClInclude>
    <ClInclude Include="Graph.hpp">
      <Filter>엄윤호\Graph</Filter>
    </ClInclude>
    <ClInclude Include="GraphDijkstra.h">
      <Filter>엄윤호\Graph</Filter>
    </ClInclude>
    <ClInclude Include="GraphDijkstra.hpp">
      <Filter>엄윤호\Graph</Filter>
    </ClInclude>
    <ClInclude Include="Loading.h">
      <Filter>엄윤호</Filter>
    </ClInclude>
    <ClInclude Include="cBoss.h">
      <Filter>정현식</Filter>
    </ClInclude>
    <ClInclude Include="cEnemy2.h">
      <Filter>정현식</Filter>
    </ClInclude>
  </ItemGroup>
  <ItemGroup>
    <ClCompile Include="stdafx.cpp">
      <Filter>소스 파일</Filter>
    </ClCompile>
    <ClCompile Include="D3D_base.cpp">
      <Filter>소스 파일</Filter>
    </ClCompile>
    <ClCompile Include="cObjLoader.cpp">
      <Filter>Foundation\Parser\ObjLoader</Filter>
    </ClCompile>
    <ClCompile Include="cMtlTex.cpp">
      <Filter>Foundation\Parser\ObjLoader</Filter>
    </ClCompile>
    <ClCompile Include="cGroup.cpp">
      <Filter>Foundation\Parser\ObjLoader</Filter>
    </ClCompile>
    <ClCompile Include="cObjMap.cpp">
      <Filter>Foundation\Parser\ObjLoader</Filter>
    </ClCompile>
    <ClCompile Include="cAseLoader.cpp">
      <Filter>Foundation\Parser\ASELoader</Filter>
    </ClCompile>
    <ClCompile Include="cAseNode.cpp">
      <Filter>Foundation\Parser\ASELoader</Filter>
    </ClCompile>
    <ClCompile Include="cAction.cpp">
      <Filter>Foundation\cAction</Filter>
    </ClCompile>
    <ClCompile Include="cActionBezier.cpp">
      <Filter>Foundation\cAction</Filter>
    </ClCompile>
    <ClCompile Include="cActionLinear.cpp">
      <Filter>Foundation\cAction</Filter>
    </ClCompile>
    <ClCompile Include="cActionRepeat.cpp">
      <Filter>Foundation\cAction</Filter>
    </ClCompile>
    <ClCompile Include="cActionSeq.cpp">
      <Filter>Foundation\cAction</Filter>
    </ClCompile>
    <ClCompile Include="cCamera.cpp">
      <Filter>Foundation\cCamera</Filter>
    </ClCompile>
    <ClCompile Include="cGrid.cpp">
      <Filter>Foundation\cGrid</Filter>
    </ClCompile>
    <ClCompile Include="cTimer_QueryPerformanceFrequency.cpp">
      <Filter>Foundation\D3D\cTimer</Filter>
    </ClCompile>
    <ClCompile Include="cTimer_GetTickCount.cpp">
      <Filter>Foundation\D3D\cTimer</Filter>
    </ClCompile>
    <ClCompile Include="cTestScene.cpp">
      <Filter>SampleCode</Filter>
    </ClCompile>
    <ClCompile Include="additionalUtils.cpp">
      <Filter>Global\Util</Filter>
    </ClCompile>
    <ClCompile Include="utils.cpp">
      <Filter>Global\Util</Filter>
    </ClCompile>
    <ClCompile Include="iGameUIDelegate.cpp">
      <Filter>Foundation\cGameUI</Filter>
    </ClCompile>
    <ClCompile Include="cGameUIButton.cpp">
      <Filter>Foundation\cGameUI</Filter>
    </ClCompile>
    <ClCompile Include="D3DX_UTIL.cpp">
      <Filter>Global\Util</Filter>
    </ClCompile>
    <ClCompile Include="cDeviceManager.cpp">
      <Filter>Global\Manager\D3D</Filter>
    </ClCompile>
    <ClCompile Include="cTextureManager.cpp">
      <Filter>Global\Manager\D3D</Filter>
    </ClCompile>
    <ClCompile Include="cSceneManager.cpp">
      <Filter>Global\Manager</Filter>
    </ClCompile>
    <ClCompile Include="cKeyManager.cpp">
      <Filter>Global\Manager</Filter>
    </ClCompile>
    <ClCompile Include="cTimeManager.cpp">
      <Filter>Global\Manager</Filter>
    </ClCompile>
    <ClCompile Include="cSoundManager.cpp">
      <Filter>Global\Manager</Filter>
    </ClCompile>
    <ClCompile Include="cGameSprite.cpp">
      <Filter>Foundation\D3D</Filter>
    </ClCompile>
    <ClCompile Include="iTimer.cpp">
      <Filter>Foundation\D3D\cTimer</Filter>
    </ClCompile>
    <ClCompile Include="cPhysicsNode.cpp">
      <Filter>Foundation\Physics</Filter>
    </ClCompile>
    <ClCompile Include="cPhysicsBody.cpp">
      <Filter>Foundation\Physics</Filter>
    </ClCompile>
    <ClCompile Include="cGameScene.cpp">
      <Filter>Foundation\cGameObject</Filter>
    </ClCompile>
    <ClCompile Include="cGameNode.cpp">
      <Filter>Foundation\cGameObject</Filter>
    </ClCompile>
    <ClCompile Include="cTransformData.cpp">
      <Filter>Foundation\cGameObject</Filter>
    </ClCompile>
    <ClCompile Include="cRay.cpp">
      <Filter>Foundation\cRay</Filter>
    </ClCompile>
    <ClCompile Include="cObject.cpp">
      <Filter>Foundation\cGameObject</Filter>
    </ClCompile>
    <ClCompile Include="cFontManager.cpp">
      <Filter>Global\Manager\D3D</Filter>
    </ClCompile>
    <ClCompile Include="cGameUILayer.cpp">
      <Filter>Foundation\cGameUI</Filter>
    </ClCompile>
    <ClCompile Include="cInGameScene.cpp">
      <Filter>Class\Scene</Filter>
    </ClCompile>
    <ClCompile Include="cMainGame.cpp">
      <Filter>cMainGame</Filter>
    </ClCompile>
    <ClCompile Include="cAllocateHierarchy.cpp">
      <Filter>Foundation\Parser\XFileLoader</Filter>
    </ClCompile>
    <ClCompile Include="cSkinnedMesh.cpp">
      <Filter>Foundation\Parser\XFileLoader</Filter>
    </ClCompile>
    <ClCompile Include="cGameUILabel.cpp">
      <Filter>Foundation\cGameUI</Filter>
    </ClCompile>
    <ClCompile Include="cGameText.cpp">
      <Filter>Foundation\D3D</Filter>
    </ClCompile>
    <ClCompile Include="cGameUISprite.cpp">
      <Filter>Foundation\cGameUI</Filter>
    </ClCompile>
    <ClCompile Include="cTrap.cpp">
      <Filter>김완수\Trap</Filter>
    </ClCompile>
    <ClCompile Include="cMapToolScene.cpp">
      <Filter>김완수\MapTool</Filter>
    </ClCompile>
    <ClCompile Include="cInGameUIGauge.cpp">
      <Filter>김완수\UI\InGame</Filter>
    </ClCompile>
    <ClCompile Include="cInGameUILayer.cpp">
      <Filter>김완수\UI\InGame</Filter>
    </ClCompile>
    <ClCompile Include="cInGameUIScore.cpp">
      <Filter>김완수\UI\InGame</Filter>
    </ClCompile>
    <ClCompile Include="cMapData.cpp">
      <Filter>김완수\MapTool</Filter>
    </ClCompile>
    <ClCompile Include="cMapToolUILayer.cpp">
      <Filter>김완수\MapTool</Filter>
    </ClCompile>
    <ClCompile Include="cHeightMap.cpp">
      <Filter>김완수\MapTool</Filter>
    </ClCompile>
    <ClCompile Include="cMapToolCamera.cpp">
      <Filter>김완수\MapTool</Filter>
    </ClCompile>
    <ClCompile Include="cMapMaker.cpp">
      <Filter>김완수\MapTool</Filter>
    </ClCompile>
    <ClCompile Include="cPhysicsTestScene.cpp">
      <Filter>Class\Scene</Filter>
    </ClCompile>
    <ClCompile Include="cPhysicsSpace.cpp">
      <Filter>김완수\Physics</Filter>
    </ClCompile>
    <ClCompile Include="iMap.cpp">
      <Filter>Interface</Filter>
    </ClCompile>
    <ClCompile Include="iGameMap.cpp">
      <Filter>Interface</Filter>
    </ClCompile>
    <ClCompile Include="cParticleTestScene.cpp">
      <Filter>SampleCode</Filter>
    </ClCompile>
    <ClCompile Include="cParticleManager.cpp">
      <Filter>Global\Manager\D3D</Filter>
    </ClCompile>
    <ClCompile Include="cGameParticle.cpp">
      <Filter>Foundation\D3D\Particle</Filter>
    </ClCompile>
    <ClCompile Include="cGameParticleSnow.cpp">
      <Filter>Foundation\D3D\Particle</Filter>
    </ClCompile>
    <ClCompile Include="cGameParticleFirework.cpp">
      <Filter>Foundation\D3D\Particle</Filter>
    </ClCompile>
    <ClCompile Include="cMapToolGrid.cpp">
      <Filter>김완수\MapTool</Filter>
    </ClCompile>
    <ClCompile Include="cPlayerCamera.cpp">
      <Filter>차종서</Filter>
    </ClCompile>
    <ClCompile Include="cPlayer.cpp">
      <Filter>차종서</Filter>
    </ClCompile>
    <ClCompile Include="cAllocateHierarchyEX.cpp">
      <Filter>정현식</Filter>
    </ClCompile>
    <ClCompile Include="cSkinnedMeshEX.cpp">
      <Filter>정현식</Filter>
    </ClCompile>
    <ClCompile Include="cChaNode.cpp">
      <Filter>정현식</Filter>
    </ClCompile>
    <ClCompile Include="cEnemy.cpp">
      <Filter>정현식</Filter>
    </ClCompile>
    <ClCompile Include="cGameParticleSpark.cpp">
      <Filter>Foundation\D3D\Particle</Filter>
    </ClCompile>
    <ClCompile Include="cGameParticleShockwave.cpp">
      <Filter>Foundation\D3D\Particle</Filter>
    </ClCompile>
    <ClCompile Include="TrapTypeSpike.cpp">
      <Filter>엄윤호\Trap\Specific</Filter>
    </ClCompile>
    <ClCompile Include="TrapTypeHealingWell.cpp">
      <Filter>엄윤호\Trap\Specific</Filter>
    </ClCompile>
    <ClCompile Include="TrapTypeBarricade.cpp">
      <Filter>엄윤호\Trap\Specific</Filter>
    </ClCompile>
    <ClCompile Include="QuickSlot.cpp">
      <Filter>엄윤호</Filter>
    </ClCompile>
    <ClCompile Include="Trap.cpp">
      <Filter>엄윤호\Trap</Filter>
    </ClCompile>
    <ClCompile Include="TrapComponent.cpp">
      <Filter>엄윤호\Trap</Filter>
    </ClCompile>
    <ClCompile Include="TrapTestScene.cpp">
      <Filter>엄윤호\Trap</Filter>
    </ClCompile>
    <ClCompile Include="TrapType.cpp">
      <Filter>엄윤호\Trap</Filter>
    </ClCompile>
    <ClCompile Include="TrapTypeComponent.cpp">
      <Filter>엄윤호\Trap</Filter>
    </ClCompile>
    <ClCompile Include="TrapTypeManager.cpp">
      <Filter>엄윤호\Trap</Filter>
    </ClCompile>
    <ClCompile Include="nCommon.cpp">
      <Filter>엄윤호</Filter>
    </ClCompile>
    <ClCompile Include="Graph.cpp">
      <Filter>엄윤호\Graph</Filter>
    </ClCompile>
    <ClCompile Include="GraphDijkstra.cpp">
      <Filter>엄윤호\Graph</Filter>
    </ClCompile>
    <ClCompile Include="Loading.cpp">
      <Filter>엄윤호</Filter>
    </ClCompile>
    <ClCompile Include="cBoss.cpp">
      <Filter>정현식</Filter>
    </ClCompile>
    <ClCompile Include="cEnemy2.cpp">
      <Filter>정현식</Filter>
    </ClCompile>
  </ItemGroup>
  <ItemGroup>
    <ResourceCompile Include="D3D_base.rc">
      <Filter>리소스 파일</Filter>
    </ResourceCompile>
  </ItemGroup>
  <ItemGroup>
    <Image Include="small.ico">
      <Filter>리소스 파일</Filter>
    </Image>
    <Image Include="D3D_base.ico">
      <Filter>리소스 파일</Filter>
    </Image>
  </ItemGroup>
</Project>